{
  "version": 4,
  "terraform_version": "1.9.3",
  "serial": 6,
  "lineage": "a59c9940-0879-bbc1-21d0-2adb7df50a8b",
  "outputs": {
    "lambda_from_main": {
      "value": {
        "lambda_arn": "arn:aws:apigateway:ap-northeast-1:lambda:path/2015-03-31/functions/arn:aws:lambda:ap-northeast-1:905418408090:function:terraform-lambda-varun/invocations",
        "lambda_name": "terraform-lambda-varun",
        "lambda_url": "https://shza4xxposcgh5vlrlx3jarq6i0ahcbh.lambda-url.ap-northeast-1.on.aws/"
      },
      "type": [
        "object",
        {
          "lambda_arn": "string",
          "lambda_name": "string",
          "lambda_url": "string"
        }
      ]
    }
  },
  "resources": [
    {
      "module": "module.Lambda",
      "mode": "data",
      "type": "archive_file",
      "name": "zip-terraform",
      "provider": "provider[\"registry.terraform.io/hashicorp/archive\"]",
      "instances": [
        {
          "schema_version": 0,
          "attributes": {
            "exclude_symlink_directories": null,
            "excludes": null,
            "id": "a72a21fdab45e250ec275a2a1dffc5c9d8dd971e",
            "output_base64sha256": "RD/YgoFywEI2IA+bI0OLfQbsVzHeiA0R0mI4YbB931g=",
            "output_base64sha512": "RdWFzyP37F2NPkrEMZ5+mwjqogXFqkZa76tYiSqYLwgB/WLiSns++B/sFG8lUbh4k5VYkoPIDEgchEZMPhUn4g==",
            "output_file_mode": null,
            "output_md5": "c04ebfcbd7f42fb9f045370de4f09a07",
            "output_path": "lambda/index.zip",
            "output_sha": "a72a21fdab45e250ec275a2a1dffc5c9d8dd971e",
            "output_sha256": "443fd8828172c04236200f9b23438b7d06ec5731de880d11d2623861b07ddf58",
            "output_sha512": "45d585cf23f7ec5d8d3e4ac4319e7e9b08eaa205c5aa465aefab58892a982f0801fd62e24a7b3ef81fec146f2551b8789395589283c80c481c84464c3e1527e2",
            "output_size": 267,
            "source": [],
            "source_content": null,
            "source_content_filename": null,
            "source_dir": null,
            "source_file": "lambda/src/index.mjs",
            "type": "zip"
          },
          "sensitive_attributes": []
        }
      ]
    },
    {
      "module": "module.Lambda",
      "mode": "data",
      "type": "aws_iam_policy_document",
      "name": "assume_role-terraform",
      "provider": "provider[\"registry.terraform.io/hashicorp/aws\"]",
      "instances": [
        {
          "schema_version": 0,
          "attributes": {
            "id": "3693445097",
            "json": "{\n  \"Version\": \"2012-10-17\",\n  \"Statement\": [\n    {\n      \"Sid\": \"\",\n      \"Effect\": \"Allow\",\n      \"Action\": \"sts:AssumeRole\",\n      \"Principal\": {\n        \"Service\": \"lambda.amazonaws.com\"\n      }\n    }\n  ]\n}",
            "override_json": null,
            "override_policy_documents": null,
            "policy_id": null,
            "source_json": null,
            "source_policy_documents": null,
            "statement": [
              {
                "actions": [
                  "sts:AssumeRole"
                ],
                "condition": [],
                "effect": "Allow",
                "not_actions": [],
                "not_principals": [],
                "not_resources": [],
                "principals": [
                  {
                    "identifiers": [
                      "lambda.amazonaws.com"
                    ],
                    "type": "Service"
                  }
                ],
                "resources": [],
                "sid": ""
              }
            ],
            "version": "2012-10-17"
          },
          "sensitive_attributes": []
        }
      ]
    },
    {
      "module": "module.Lambda",
      "mode": "managed",
      "type": "aws_cloudwatch_log_group",
      "name": "terraform-logs",
      "provider": "provider[\"registry.terraform.io/hashicorp/aws\"]",
      "instances": [
        {
          "schema_version": 0,
          "attributes": {
            "arn": "arn:aws:logs:ap-northeast-1:905418408090:log-group:/aws/lambda/terraform-lambda-varun",
            "id": "/aws/lambda/terraform-lambda-varun",
            "kms_key_id": "",
            "name": "/aws/lambda/terraform-lambda-varun",
            "name_prefix": "",
            "retention_in_days": 30,
            "skip_destroy": false,
            "tags": null,
            "tags_all": {}
          },
          "sensitive_attributes": [],
          "private": "bnVsbA==",
          "dependencies": [
            "module.Lambda.aws_iam_role.iam_for_lambda-terraform",
            "module.Lambda.aws_lambda_function.terraform-lambda",
            "module.Lambda.data.archive_file.zip-terraform",
            "module.Lambda.data.aws_iam_policy_document.assume_role-terraform"
          ]
        }
      ]
    },
    {
      "module": "module.Lambda",
      "mode": "managed",
      "type": "aws_iam_role",
      "name": "iam_for_lambda-terraform",
      "provider": "provider[\"registry.terraform.io/hashicorp/aws\"]",
      "instances": [
        {
          "schema_version": 0,
          "attributes": {
            "arn": "arn:aws:iam::905418408090:role/iam_for_lambda",
            "assume_role_policy": "{\"Statement\":[{\"Action\":\"sts:AssumeRole\",\"Effect\":\"Allow\",\"Principal\":{\"Service\":\"lambda.amazonaws.com\"},\"Sid\":\"\"}],\"Version\":\"2012-10-17\"}",
            "create_date": "2024-08-03T16:45:20Z",
            "description": "",
            "force_detach_policies": false,
            "id": "iam_for_lambda",
            "inline_policy": [],
            "managed_policy_arns": [],
            "max_session_duration": 3600,
            "name": "iam_for_lambda",
            "name_prefix": "",
            "path": "/",
            "permissions_boundary": null,
            "role_last_used": [
              {
                "last_used_date": "",
                "region": ""
              }
            ],
            "tags": null,
            "tags_all": {},
            "unique_id": "AROA5FTZEQCNKJRATELNY"
          },
          "sensitive_attributes": [],
          "private": "bnVsbA==",
          "dependencies": [
            "module.Lambda.data.aws_iam_policy_document.assume_role-terraform"
          ]
        }
      ]
    },
    {
      "module": "module.Lambda",
      "mode": "managed",
      "type": "aws_iam_role_policy_attachment",
      "name": "lambda_policy",
      "provider": "provider[\"registry.terraform.io/hashicorp/aws\"]",
      "instances": [
        {
          "schema_version": 0,
          "attributes": {
            "id": "iam_for_lambda-20240803164522603600000001",
            "policy_arn": "arn:aws:iam::aws:policy/service-role/AWSLambdaBasicExecutionRole",
            "role": "iam_for_lambda"
          },
          "sensitive_attributes": [],
          "private": "bnVsbA==",
          "dependencies": [
            "module.Lambda.aws_iam_role.iam_for_lambda-terraform",
            "module.Lambda.data.aws_iam_policy_document.assume_role-terraform"
          ]
        }
      ]
    },
    {
      "module": "module.Lambda",
      "mode": "managed",
      "type": "aws_lambda_function",
      "name": "terraform-lambda",
      "provider": "provider[\"registry.terraform.io/hashicorp/aws\"]",
      "instances": [
        {
          "schema_version": 0,
          "attributes": {
            "architectures": [
              "x86_64"
            ],
            "arn": "arn:aws:lambda:ap-northeast-1:905418408090:function:terraform-lambda-varun",
            "code_signing_config_arn": "",
            "dead_letter_config": [],
            "description": "",
            "environment": [],
            "ephemeral_storage": [
              {
                "size": 512
              }
            ],
            "file_system_config": [],
            "filename": "lambda/index.zip",
            "function_name": "terraform-lambda-varun",
            "handler": "index.handler",
            "id": "terraform-lambda-varun",
            "image_config": [],
            "image_uri": "",
            "invoke_arn": "arn:aws:apigateway:ap-northeast-1:lambda:path/2015-03-31/functions/arn:aws:lambda:ap-northeast-1:905418408090:function:terraform-lambda-varun/invocations",
            "kms_key_arn": "",
            "last_modified": "2024-08-03T16:45:26.779+0000",
            "layers": null,
            "memory_size": 128,
            "package_type": "Zip",
            "publish": false,
            "qualified_arn": "arn:aws:lambda:ap-northeast-1:905418408090:function:terraform-lambda-varun:$LATEST",
            "qualified_invoke_arn": "arn:aws:apigateway:ap-northeast-1:lambda:path/2015-03-31/functions/arn:aws:lambda:ap-northeast-1:905418408090:function:terraform-lambda-varun:$LATEST/invocations",
            "replace_security_groups_on_destroy": null,
            "replacement_security_group_ids": null,
            "reserved_concurrent_executions": -1,
            "role": "arn:aws:iam::905418408090:role/iam_for_lambda",
            "runtime": "nodejs18.x",
            "s3_bucket": null,
            "s3_key": null,
            "s3_object_version": null,
            "signing_job_arn": "",
            "signing_profile_version_arn": "",
            "skip_destroy": false,
            "snap_start": [],
            "source_code_hash": "RD/YgoFywEI2IA+bI0OLfQbsVzHeiA0R0mI4YbB931g=",
            "source_code_size": 267,
            "tags": null,
            "tags_all": {},
            "timeout": 3,
            "timeouts": null,
            "tracing_config": [
              {
                "mode": "PassThrough"
              }
            ],
            "version": "$LATEST",
            "vpc_config": []
          },
          "sensitive_attributes": [],
          "private": "eyJlMmJmYjczMC1lY2FhLTExZTYtOGY4OC0zNDM2M2JjN2M0YzAiOnsiY3JlYXRlIjo2MDAwMDAwMDAwMDAsImRlbGV0ZSI6NjAwMDAwMDAwMDAwLCJ1cGRhdGUiOjYwMDAwMDAwMDAwMH19",
          "dependencies": [
            "module.Lambda.aws_iam_role.iam_for_lambda-terraform",
            "module.Lambda.data.archive_file.zip-terraform",
            "module.Lambda.data.aws_iam_policy_document.assume_role-terraform"
          ]
        }
      ]
    },
    {
      "module": "module.Lambda",
      "mode": "managed",
      "type": "aws_lambda_function_url",
      "name": "terraform-function-url",
      "provider": "provider[\"registry.terraform.io/hashicorp/aws\"]",
      "instances": [
        {
          "schema_version": 0,
          "attributes": {
            "authorization_type": "NONE",
            "cors": [],
            "function_arn": "arn:aws:lambda:ap-northeast-1:905418408090:function:terraform-lambda-varun",
            "function_name": "terraform-lambda-varun",
            "function_url": "https://shza4xxposcgh5vlrlx3jarq6i0ahcbh.lambda-url.ap-northeast-1.on.aws/",
            "id": "terraform-lambda-varun",
            "invoke_mode": "BUFFERED",
            "qualifier": "",
            "timeouts": null,
            "url_id": "shza4xxposcgh5vlrlx3jarq6i0ahcbh"
          },
          "sensitive_attributes": [],
          "private": "eyJlMmJmYjczMC1lY2FhLTExZTYtOGY4OC0zNDM2M2JjN2M0YzAiOnsiY3JlYXRlIjo2MDAwMDAwMDAwMDB9fQ==",
          "dependencies": [
            "module.Lambda.aws_iam_role.iam_for_lambda-terraform",
            "module.Lambda.aws_lambda_function.terraform-lambda",
            "module.Lambda.data.archive_file.zip-terraform",
            "module.Lambda.data.aws_iam_policy_document.assume_role-terraform"
          ]
        }
      ]
    }
  ],
  "check_results": null
}
